// !$*UTF8*$!
{
	archiveVersion = 1;
	classes = {
	};
	objectVersion = 77;
	objects = {

/* Begin PBXBuildFile section */
		02487971A203CC705B5831B9 /* MenuBarItemSourceResolver.swift in Sources */ = {isa = PBXBuildFile; fileRef = 6D3D13C9DB01A97EF74AFCBA /* MenuBarItemSourceResolver.swift */; };
		0625BDF0B43405FE56C8A828 /* MenuBarItemSnapshotService.swift in Sources */ = {isa = PBXBuildFile; fileRef = E8147FEAB288E54141CD0EA0 /* MenuBarItemSnapshotService.swift */; };
		0F0CD7042DD345A1E4D14834 /* MenuBarOrganizerMain.swift in Sources */ = {isa = PBXBuildFile; fileRef = E949392C37D4337D004098B8 /* MenuBarOrganizerMain.swift */; };
		1F8E93E3420A5C5A6C35ACA9 /* MenuBarItemDescriptor.swift in Sources */ = {isa = PBXBuildFile; fileRef = 1F8664776C6EF400D8B1A3CE /* MenuBarItemDescriptor.swift */; };
		4B5C4645053FD0234F0C4E9B /* MenuBarItemActivator.swift in Sources */ = {isa = PBXBuildFile; fileRef = 8C490FEDB8EDD2C8C1898E0B /* MenuBarItemActivator.swift */; };
		6ACB3EF3C86E6DF8B431C3B2 /* AggregatePanelController.swift in Sources */ = {isa = PBXBuildFile; fileRef = 1ED6BF6418F21A1AC221D8F7 /* AggregatePanelController.swift */; };
		7034347D704B0825E6AB35F1 /* Brand.swift in Sources */ = {isa = PBXBuildFile; fileRef = D56D8E4A832A2285065CDB6B /* Brand.swift */; };
		773B1D11BE3555852E37E9AD /* StatusBarController.swift in Sources */ = {isa = PBXBuildFile; fileRef = 7520F8C42EB7DF9DA7FDE575 /* StatusBarController.swift */; };
		8A491C18A3EB8C445F790F94 /* TuckBarBrand.png in Resources */ = {isa = PBXBuildFile; fileRef = 51545B43A80D031F86640E2C /* TuckBarBrand.png */; };
		995D713BB2139C50AC76A0DA /* MenuBarHidingEngine.swift in Sources */ = {isa = PBXBuildFile; fileRef = 021B11FF4FBB4ABC778B2BF1 /* MenuBarHidingEngine.swift */; };
		9D77DEFEB5AF70BE5EE3D6AE /* WeChatPay.jpg in Resources */ = {isa = PBXBuildFile; fileRef = C8DF4E65B1527DA090D82152 /* WeChatPay.jpg */; };
		9DA720A6457DBBE0A3D28EDA /* AliPay.jpg in Resources */ = {isa = PBXBuildFile; fileRef = BC2821EA578B6DDA5C6979EF /* AliPay.jpg */; };
		A4DF86D9A42442329575C9E1 /* Assets.xcassets in Resources */ = {isa = PBXBuildFile; fileRef = 57D4956958FC413A74B6F547 /* Assets.xcassets */; };
		A73B4E40EF8737038CDFBFDA /* AggregatePanelView.swift in Sources */ = {isa = PBXBuildFile; fileRef = 71166A79B51263C947A6638C /* AggregatePanelView.swift */; };
		AA308799FC4408A174753F2C /* HidingGeometryTests.swift in Sources */ = {isa = PBXBuildFile; fileRef = 0BCAB42BD4C7A0E1522CE320 /* HidingGeometryTests.swift */; };
		BC11EC4427A1A35FE4C2875A /* AppModelTests.swift in Sources */ = {isa = PBXBuildFile; fileRef = 120E9F11581451C5FF82DA66 /* AppModelTests.swift */; };
		BE0CF380C12E11A1A198D79B /* MenuBarItemDiscovery.swift in Sources */ = {isa = PBXBuildFile; fileRef = 832742C490B205A5F8A95F26 /* MenuBarItemDiscovery.swift */; };
		C10F9F7CEED2D5B1AD452A5F /* SettingsView.swift in Sources */ = {isa = PBXBuildFile; fileRef = 68E5BA2C248172D1AA4AF904 /* SettingsView.swift */; };
		C5583CA167BDE6DDF2FACD43 /* AppModel.swift in Sources */ = {isa = PBXBuildFile; fileRef = 2B935FB088ACBEB8646F09EE /* AppModel.swift */; };
		D82E5187DAEB1939C823F303 /* MouseCursor.swift in Sources */ = {isa = PBXBuildFile; fileRef = 0F2E5324B416C51A532A7758 /* MouseCursor.swift */; };
		E2B8A0842774F213CD426BC2 /* AppDelegate.swift in Sources */ = {isa = PBXBuildFile; fileRef = E6D15E9916FED888733E0B00 /* AppDelegate.swift */; };
		FB9CB2636217C83151DD77D2 /* HidingGeometry.swift in Sources */ = {isa = PBXBuildFile; fileRef = 7B8678023749BFA962871AE3 /* HidingGeometry.swift */; };
/* End PBXBuildFile section */

/* Begin PBXContainerItemProxy section */
		938D13F0EDDB3A47E96F5BE8 /* PBXContainerItemProxy */ = {
			isa = PBXContainerItemProxy;
			containerPortal = F2B341E2741E9FCB1043A9B4 /* Project object */;
			proxyType = 1;
			remoteGlobalIDString = 7F615CEF2ABF6FAE5493901F;
			remoteInfo = MenuBarOrganizer;
		};
/* End PBXContainerItemProxy section */

/* Begin PBXFileReference section */
		021B11FF4FBB4ABC778B2BF1 /* MenuBarHidingEngine.swift */ = {isa = PBXFileReference; lastKnownFileType = sourcecode.swift; path = MenuBarHidingEngine.swift; sourceTree = "<group>"; };
		0BCAB42BD4C7A0E1522CE320 /* HidingGeometryTests.swift */ = {isa = PBXFileReference; lastKnownFileType = sourcecode.swift; path = HidingGeometryTests.swift; sourceTree = "<group>"; };
		0F2E5324B416C51A532A7758 /* MouseCursor.swift */ = {isa = PBXFileReference; lastKnownFileType = sourcecode.swift; path = MouseCursor.swift; sourceTree = "<group>"; };
		120E9F11581451C5FF82DA66 /* AppModelTests.swift */ = {isa = PBXFileReference; lastKnownFileType = sourcecode.swift; path = AppModelTests.swift; sourceTree = "<group>"; };
		1ED6BF6418F21A1AC221D8F7 /* AggregatePanelController.swift */ = {isa = PBXFileReference; lastKnownFileType = sourcecode.swift; path = AggregatePanelController.swift; sourceTree = "<group>"; };
		1F8664776C6EF400D8B1A3CE /* MenuBarItemDescriptor.swift */ = {isa = PBXFileReference; lastKnownFileType = sourcecode.swift; path = MenuBarItemDescriptor.swift; sourceTree = "<group>"; };
		2B935FB088ACBEB8646F09EE /* AppModel.swift */ = {isa = PBXFileReference; lastKnownFileType = sourcecode.swift; path = AppModel.swift; sourceTree = "<group>"; };
		51545B43A80D031F86640E2C /* TuckBarBrand.png */ = {isa = PBXFileReference; lastKnownFileType = image.png; path = TuckBarBrand.png; sourceTree = "<group>"; };
		57D4956958FC413A74B6F547 /* Assets.xcassets */ = {isa = PBXFileReference; lastKnownFileType = folder.assetcatalog; path = Assets.xcassets; sourceTree = "<group>"; };
		6487392E193684A99514D447 /* MenuBarOrganizerTests.xctest */ = {isa = PBXFileReference; explicitFileType = wrapper.cfbundle; includeInIndex = 0; path = MenuBarOrganizerTests.xctest; sourceTree = BUILT_PRODUCTS_DIR; };
		68E5BA2C248172D1AA4AF904 /* SettingsView.swift */ = {isa = PBXFileReference; lastKnownFileType = sourcecode.swift; path = SettingsView.swift; sourceTree = "<group>"; };
		6D3D13C9DB01A97EF74AFCBA /* MenuBarItemSourceResolver.swift */ = {isa = PBXFileReference; lastKnownFileType = sourcecode.swift; path = MenuBarItemSourceResolver.swift; sourceTree = "<group>"; };
		71166A79B51263C947A6638C /* AggregatePanelView.swift */ = {isa = PBXFileReference; lastKnownFileType = sourcecode.swift; path = AggregatePanelView.swift; sourceTree = "<group>"; };
		7520F8C42EB7DF9DA7FDE575 /* StatusBarController.swift */ = {isa = PBXFileReference; lastKnownFileType = sourcecode.swift; path = StatusBarController.swift; sourceTree = "<group>"; };
		7B8678023749BFA962871AE3 /* HidingGeometry.swift */ = {isa = PBXFileReference; lastKnownFileType = sourcecode.swift; path = HidingGeometry.swift; sourceTree = "<group>"; };
		832742C490B205A5F8A95F26 /* MenuBarItemDiscovery.swift */ = {isa = PBXFileReference; lastKnownFileType = sourcecode.swift; path = MenuBarItemDiscovery.swift; sourceTree = "<group>"; };
		899F5411C3BD6401A89FAF33 /* MenuBarOrganizer.app */ = {isa = PBXFileReference; explicitFileType = wrapper.application; includeInIndex = 0; path = MenuBarOrganizer.app; sourceTree = BUILT_PRODUCTS_DIR; };
		8C490FEDB8EDD2C8C1898E0B /* MenuBarItemActivator.swift */ = {isa = PBXFileReference; lastKnownFileType = sourcecode.swift; path = MenuBarItemActivator.swift; sourceTree = "<group>"; };
		BC2821EA578B6DDA5C6979EF /* AliPay.jpg */ = {isa = PBXFileReference; lastKnownFileType = image.jpeg; path = AliPay.jpg; sourceTree = "<group>"; };
		C8DF4E65B1527DA090D82152 /* WeChatPay.jpg */ = {isa = PBXFileReference; lastKnownFileType = image.jpeg; path = WeChatPay.jpg; sourceTree = "<group>"; };
		D56D8E4A832A2285065CDB6B /* Brand.swift */ = {isa = PBXFileReference; lastKnownFileType = sourcecode.swift; path = Brand.swift; sourceTree = "<group>"; };
		E6D15E9916FED888733E0B00 /* AppDelegate.swift */ = {isa = PBXFileReference; lastKnownFileType = sourcecode.swift; path = AppDelegate.swift; sourceTree = "<group>"; };
		E8147FEAB288E54141CD0EA0 /* MenuBarItemSnapshotService.swift */ = {isa = PBXFileReference; lastKnownFileType = sourcecode.swift; path = MenuBarItemSnapshotService.swift; sourceTree = "<group>"; };
		E949392C37D4337D004098B8 /* MenuBarOrganizerMain.swift */ = {isa = PBXFileReference; lastKnownFileType = sourcecode.swift; path = MenuBarOrganizerMain.swift; sourceTree = "<group>"; };
/* End PBXFileReference section */

/* Begin PBXGroup section */
		2070B9F70063E1CA8BB74F17 /* Sources */ = {
			isa = PBXGroup;
			children = (
				1ED6BF6418F21A1AC221D8F7 /* AggregatePanelController.swift */,
				71166A79B51263C947A6638C /* AggregatePanelView.swift */,
				E6D15E9916FED888733E0B00 /* AppDelegate.swift */,
				2B935FB088ACBEB8646F09EE /* AppModel.swift */,
				D56D8E4A832A2285065CDB6B /* Brand.swift */,
				7B8678023749BFA962871AE3 /* HidingGeometry.swift */,
				021B11FF4FBB4ABC778B2BF1 /* MenuBarHidingEngine.swift */,
				8C490FEDB8EDD2C8C1898E0B /* MenuBarItemActivator.swift */,
				1F8664776C6EF400D8B1A3CE /* MenuBarItemDescriptor.swift */,
				832742C490B205A5F8A95F26 /* MenuBarItemDiscovery.swift */,
				E8147FEAB288E54141CD0EA0 /* MenuBarItemSnapshotService.swift */,
				6D3D13C9DB01A97EF74AFCBA /* MenuBarItemSourceResolver.swift */,
				E949392C37D4337D004098B8 /* MenuBarOrganizerMain.swift */,
				0F2E5324B416C51A532A7758 /* MouseCursor.swift */,
				68E5BA2C248172D1AA4AF904 /* SettingsView.swift */,
				7520F8C42EB7DF9DA7FDE575 /* StatusBarController.swift */,
			);
			path = Sources;
			sourceTree = "<group>";
		};
		6BD9125C025EFF5468848592 /* Tests */ = {
			isa = PBXGroup;
			children = (
				120E9F11581451C5FF82DA66 /* AppModelTests.swift */,
				0BCAB42BD4C7A0E1522CE320 /* HidingGeometryTests.swift */,
			);
			path = Tests;
			sourceTree = "<group>";
		};
		74A7314472BFE5AC1608B341 = {
			isa = PBXGroup;
			children = (
				F52A39AA80C05792FA0884EB /* Resources */,
				2070B9F70063E1CA8BB74F17 /* Sources */,
				6BD9125C025EFF5468848592 /* Tests */,
				9351F6D0CD76EC6CEFF3D73D /* Products */,
			);
			sourceTree = "<group>";
		};
		9351F6D0CD76EC6CEFF3D73D /* Products */ = {
			isa = PBXGroup;
			children = (
				899F5411C3BD6401A89FAF33 /* MenuBarOrganizer.app */,
				6487392E193684A99514D447 /* MenuBarOrganizerTests.xctest */,
			);
			name = Products;
			sourceTree = "<group>";
		};
		F52A39AA80C05792FA0884EB /* Resources */ = {
			isa = PBXGroup;
			children = (
				BC2821EA578B6DDA5C6979EF /* AliPay.jpg */,
				57D4956958FC413A74B6F547 /* Assets.xcassets */,
				51545B43A80D031F86640E2C /* TuckBarBrand.png */,
				C8DF4E65B1527DA090D82152 /* WeChatPay.jpg */,
			);
			path = Resources;
			sourceTree = "<group>";
		};
/* End PBXGroup section */

/* Begin PBXNativeTarget section */
		7F615CEF2ABF6FAE5493901F /* MenuBarOrganizer */ = {
			isa = PBXNativeTarget;
			buildConfigurationList = 7E9CA215CD50495CB3A6CEE6 /* Build configuration list for PBXNativeTarget "MenuBarOrganizer" */;
			buildPhases = (
				20A0A49CBC7F1F20C21E0772 /* Sources */,
				E6E5532EA28F477813CD687B /* Resources */,
			);
			buildRules = (
			);
			dependencies = (
			);
			name = MenuBarOrganizer;
			packageProductDependencies = (
			);
			productName = MenuBarOrganizer;
			productReference = 899F5411C3BD6401A89FAF33 /* MenuBarOrganizer.app */;
			productType = "com.apple.product-type.application";
		};
		96EA9B19C5B8FD75BDA574BF /* MenuBarOrganizerTests */ = {
			isa = PBXNativeTarget;
			buildConfigurationList = 861705C2C1CEEA69DF276559 /* Build configuration list for PBXNativeTarget "MenuBarOrganizerTests" */;
			buildPhases = (
				030CFCED03E354D496D5189A /* Sources */,
			);
			buildRules = (
			);
			dependencies = (
				9A0412F2967DC6C0EDFD2012 /* PBXTargetDependency */,
			);
			name = MenuBarOrganizerTests;
			packageProductDependencies = (
			);
			productName = MenuBarOrganizerTests;
			productReference = 6487392E193684A99514D447 /* MenuBarOrganizerTests.xctest */;
			productType = "com.apple.product-type.bundle.unit-test";
		};
/* End PBXNativeTarget section */

/* Begin PBXProject section */
		F2B341E2741E9FCB1043A9B4 /* Project object */ = {
			isa = PBXProject;
			attributes = {
				BuildIndependentTargetsInParallel = YES;
				LastUpgradeCheck = 1430;
				TargetAttributes = {
					7F615CEF2ABF6FAE5493901F = {
						ProvisioningStyle = Automatic;
					};
				};
			};
			buildConfigurationList = EFFE89A5E5F4B8184DB07ED7 /* Build configuration list for PBXProject "MenuBarOrganizer" */;
			developmentRegion = en;
			hasScannedForEncodings = 0;
			knownRegions = (
				Base,
				en,
			);
			mainGroup = 74A7314472BFE5AC1608B341;
			minimizedProjectReferenceProxies = 1;
			preferredProjectObjectVersion = 77;
			productRefGroup = 9351F6D0CD76EC6CEFF3D73D /* Products */;
			projectDirPath = "";
			projectRoot = "";
			targets = (
				7F615CEF2ABF6FAE5493901F /* MenuBarOrganizer */,
				96EA9B19C5B8FD75BDA574BF /* MenuBarOrganizerTests */,
			);
		};
/* End PBXProject section */

/* Begin PBXResourcesBuildPhase section */
		E6E5532EA28F477813CD687B /* Resources */ = {
			isa = PBXResourcesBuildPhase;
			buildActionMask = 2147483647;
			files = (
				9DA720A6457DBBE0A3D28EDA /* AliPay.jpg in Resources */,
				A4DF86D9A42442329575C9E1 /* Assets.xcassets in Resources */,
				8A491C18A3EB8C445F790F94 /* TuckBarBrand.png in Resources */,
				9D77DEFEB5AF70BE5EE3D6AE /* WeChatPay.jpg in Resources */,
			);
			runOnlyForDeploymentPostprocessing = 0;
		};
/* End PBXResourcesBuildPhase section */

/* Begin PBXSourcesBuildPhase section */
		030CFCED03E354D496D5189A /* Sources */ = {
			isa = PBXSourcesBuildPhase;
			buildActionMask = 2147483647;
			files = (
				BC11EC4427A1A35FE4C2875A /* AppModelTests.swift in Sources */,
				AA308799FC4408A174753F2C /* HidingGeometryTests.swift in Sources */,
			);
			runOnlyForDeploymentPostprocessing = 0;
		};
		20A0A49CBC7F1F20C21E0772 /* Sources */ = {
			isa = PBXSourcesBuildPhase;
			buildActionMask = 2147483647;
			files = (
				6ACB3EF3C86E6DF8B431C3B2 /* AggregatePanelController.swift in Sources */,
				A73B4E40EF8737038CDFBFDA /* AggregatePanelView.swift in Sources */,
				E2B8A0842774F213CD426BC2 /* AppDelegate.swift in Sources */,
				C5583CA167BDE6DDF2FACD43 /* AppModel.swift in Sources */,
				7034347D704B0825E6AB35F1 /* Brand.swift in Sources */,
				FB9CB2636217C83151DD77D2 /* HidingGeometry.swift in Sources */,
				995D713BB2139C50AC76A0DA /* MenuBarHidingEngine.swift in Sources */,
				4B5C4645053FD0234F0C4E9B /* MenuBarItemActivator.swift in Sources */,
				1F8E93E3420A5C5A6C35ACA9 /* MenuBarItemDescriptor.swift in Sources */,
				BE0CF380C12E11A1A198D79B /* MenuBarItemDiscovery.swift in Sources */,
				0625BDF0B43405FE56C8A828 /* MenuBarItemSnapshotService.swift in Sources */,
				02487971A203CC705B5831B9 /* MenuBarItemSourceResolver.swift in Sources */,
				0F0CD7042DD345A1E4D14834 /* MenuBarOrganizerMain.swift in Sources */,
				D82E5187DAEB1939C823F303 /* MouseCursor.swift in Sources */,
				C10F9F7CEED2D5B1AD452A5F /* SettingsView.swift in Sources */,
				773B1D11BE3555852E37E9AD /* StatusBarController.swift in Sources */,
			);
			runOnlyForDeploymentPostprocessing = 0;
		};
/* End PBXSourcesBuildPhase section */

/* Begin PBXTargetDependency section */
		9A0412F2967DC6C0EDFD2012 /* PBXTargetDependency */ = {
			isa = PBXTargetDependency;
			target = 7F615CEF2ABF6FAE5493901F /* MenuBarOrganizer */;
			targetProxy = 938D13F0EDDB3A47E96F5BE8 /* PBXContainerItemProxy */;
		};
/* End PBXTargetDependency section */

/* Begin XCBuildConfiguration section */
		36F14031B6BA56955111C8CD /* Release */ = {
			isa = XCBuildConfiguration;
			buildSettings = {
				ASSETCATALOG_COMPILER_APPICON_NAME = AppIcon;
				CODE_SIGN_STYLE = Automatic;
				COMBINE_HIDPI_IMAGES = YES;
				CURRENT_PROJECT_VERSION = 37;
				ENABLE_APP_SANDBOX = NO;
				GENERATE_INFOPLIST_FILE = NO;
				INFOPLIST_FILE = Config/Info.plist;
				LD_RUNPATH_SEARCH_PATHS = (
					"$(inherited)",
					"@executable_path/../Frameworks",
				);
				MARKETING_VERSION = 0.9.8;
				PRODUCT_BUNDLE_IDENTIFIER = com.hanshijiu.MenuBarOrganizer;
				PRODUCT_NAME = TuckBar;
				SDKROOT = macosx;
			};
			name = Release;
		};
		408593D1032F35A032ACD1FF /* Debug */ = {
			isa = XCBuildConfiguration;
			buildSettings = {
				ALWAYS_SEARCH_USER_PATHS = NO;
				CLANG_ANALYZER_NONNULL = YES;
				CLANG_ANALYZER_NUMBER_OBJECT_CONVERSION = YES_AGGRESSIVE;
				CLANG_CXX_LANGUAGE_STANDARD = "gnu++14";
				CLANG_CXX_LIBRARY = "libc++";
				CLANG_ENABLE_MODULES = YES;
				CLANG_ENABLE_OBJC_ARC = YES;
				CLANG_ENABLE_OBJC_WEAK = YES;
				CLANG_WARN_BLOCK_CAPTURE_AUTORELEASING = YES;
				CLANG_WARN_BOOL_CONVERSION = YES;
				CLANG_WARN_COMMA = YES;
				CLANG_WARN_CONSTANT_CONVERSION = YES;
				CLANG_WARN_DEPRECATED_OBJC_IMPLEMENTATIONS = YES;
				CLANG_WARN_DIRECT_OBJC_ISA_USAGE = YES_ERROR;
				CLANG_WARN_DOCUMENTATION_COMMENTS = YES;
				CLANG_WARN_EMPTY_BODY = YES;
				CLANG_WARN_ENUM_CONVERSION = YES;
				CLANG_WARN_INFINITE_RECURSION = YES;
				CLANG_WARN_INT_CONVERSION = YES;
				CLANG_WARN_NON_LITERAL_NULL_CONVERSION = YES;
				CLANG_WARN_OBJC_IMPLICIT_RETAIN_SELF = YES;
				CLANG_WARN_OBJC_LITERAL_CONVERSION = YES;
				CLANG_WARN_OBJC_ROOT_CLASS = YES_ERROR;
				CLANG_WARN_QUOTED_INCLUDE_IN_FRAMEWORK_HEADER = YES;
				CLANG_WARN_RANGE_LOOP_ANALYSIS = YES;
				CLANG_WARN_STRICT_PROTOTYPES = YES;
				CLANG_WARN_SUSPICIOUS_MOVE = YES;
				CLANG_WARN_UNGUARDED_AVAILABILITY = YES_AGGRESSIVE;
				CLANG_WARN_UNREACHABLE_CODE = YES;
				CLANG_WARN__DUPLICATE_METHOD_MATCH = YES;
				COPY_PHASE_STRIP = NO;
				DEBUG_INFORMATION_FORMAT = dwarf;
				ENABLE_STRICT_OBJC_MSGSEND = YES;
				ENABLE_TESTABILITY = YES;
				GCC_C_LANGUAGE_STANDARD = gnu11;
				GCC_DYNAMIC_NO_PIC = NO;
				GCC_NO_COMMON_BLOCKS = YES;
				GCC_OPTIMIZATION_LEVEL = 0;
				GCC_PREPROCESSOR_DEFINITIONS = (
					"$(inherited)",
					"DEBUG=1",
				);
				GCC_WARN_64_TO_32_BIT_CONVERSION = YES;
				GCC_WARN_ABOUT_RETURN_TYPE = YES_ERROR;
				GCC_WARN_UNDECLARED_SELECTOR = YES;
				GCC_WARN_UNINITIALIZED_AUTOS = YES_AGGRESSIVE;
				GCC_WARN_UNUSED_FUNCTION = YES;
				GCC_WARN_UNUSED_VARIABLE = YES;
				MACOSX_DEPLOYMENT_TARGET = 14.0;
				MTL_ENABLE_DEBUG_INFO = INCLUDE_SOURCE;
				MTL_FAST_MATH = YES;
				ONLY_ACTIVE_ARCH = YES;
				PRODUCT_NAME = "$(TARGET_NAME)";
				SDKROOT = macosx;
				SWIFT_ACTIVE_COMPILATION_CONDITIONS = DEBUG;
				SWIFT_OPTIMIZATION_LEVEL = "-Onone";
				SWIFT_VERSION = 6.0;
			};
			name = Debug;
		};
		43FA97C211FAEBBB7BD564EC /* Debug */ = {
			isa = XCBuildConfiguration;
			buildSettings = {
				ASSETCATALOG_COMPILER_APPICON_NAME = AppIcon;
				CODE_SIGN_STYLE = Automatic;
				COMBINE_HIDPI_IMAGES = YES;
				CURRENT_PROJECT_VERSION = 37;
				ENABLE_APP_SANDBOX = NO;
				GENERATE_INFOPLIST_FILE = NO;
				INFOPLIST_FILE = Config/Info.plist;
				LD_RUNPATH_SEARCH_PATHS = (
					"$(inherited)",
					"@executable_path/../Frameworks",
				);
				MARKETING_VERSION = 0.9.8;
				PRODUCT_BUNDLE_IDENTIFIER = com.hanshijiu.MenuBarOrganizer;
				PRODUCT_NAME = TuckBar;
				SDKROOT = macosx;
			};
			name = Debug;
		};
		A753490D76F0CA75A4B7A2AA /* Debug */ = {
			isa = XCBuildConfiguration;
			buildSettings = {
				BUNDLE_LOADER = "$(TEST_HOST)";
				COMBINE_HIDPI_IMAGES = YES;
				GENERATE_INFOPLIST_FILE = YES;
				LD_RUNPATH_SEARCH_PATHS = (
					"$(inherited)",
					"@executable_path/../Frameworks",
					"@loader_path/../Frameworks",
				);
				PRODUCT_BUNDLE_IDENTIFIER = com.hanshijiu.MenuBarOrganizerTests;
				SDKROOT = macosx;
				TEST_HOST = "$(BUILT_PRODUCTS_DIR)/TuckBar.app/Contents/MacOS/TuckBar";
			};
			name = Debug;
		};
		B6B52F0CF12E4C45B8E442FB /* Release */ = {
			isa = XCBuildConfiguration;
			buildSettings = {
				BUNDLE_LOADER = "$(TEST_HOST)";
				COMBINE_HIDPI_IMAGES = YES;
				GENERATE_INFOPLIST_FILE = YES;
				LD_RUNPATH_SEARCH_PATHS = (
					"$(inherited)",
					"@executable_path/../Frameworks",
					"@loader_path/../Frameworks",
				);
				PRODUCT_BUNDLE_IDENTIFIER = com.hanshijiu.MenuBarOrganizerTests;
				SDKROOT = macosx;
				TEST_HOST = "$(BUILT_PRODUCTS_DIR)/TuckBar.app/Contents/MacOS/TuckBar";
			};
			name = Release;
		};
		EF280596CD83DCBDE59EB911 /* Release */ = {
			isa = XCBuildConfiguration;
			buildSettings = {
				ALWAYS_SEARCH_USER_PATHS = NO;
				CLANG_ANALYZER_NONNULL = YES;
				CLANG_ANALYZER_NUMBER_OBJECT_CONVERSION = YES_AGGRESSIVE;
				CLANG_CXX_LANGUAGE_STANDARD = "gnu++14";
				CLANG_CXX_LIBRARY = "libc++";
				CLANG_ENABLE_MODULES = YES;
				CLANG_ENABLE_OBJC_ARC = YES;
				CLANG_ENABLE_OBJC_WEAK = YES;
				CLANG_WARN_BLOCK_CAPTURE_AUTORELEASING = YES;
				CLANG_WARN_BOOL_CONVERSION = YES;
				CLANG_WARN_COMMA = YES;
				CLANG_WARN_CONSTANT_CONVERSION = YES;
				CLANG_WARN_DEPRECATED_OBJC_IMPLEMENTATIONS = YES;
				CLANG_WARN_DIRECT_OBJC_ISA_USAGE = YES_ERROR;
				CLANG_WARN_DOCUMENTATION_COMMENTS = YES;
				CLANG_WARN_EMPTY_BODY = YES;
				CLANG_WARN_ENUM_CONVERSION = YES;
				CLANG_WARN_INFINITE_RECURSION = YES;
				CLANG_WARN_INT_CONVERSION = YES;
				CLANG_WARN_NON_LITERAL_NULL_CONVERSION = YES;
				CLANG_WARN_OBJC_IMPLICIT_RETAIN_SELF = YES;
				CLANG_WARN_OBJC_LITERAL_CONVERSION = YES;
				CLANG_WARN_OBJC_ROOT_CLASS = YES_ERROR;
				CLANG_WARN_QUOTED_INCLUDE_IN_FRAMEWORK_HEADER = YES;
				CLANG_WARN_RANGE_LOOP_ANALYSIS = YES;
				CLANG_WARN_STRICT_PROTOTYPES = YES;
				CLANG_WARN_SUSPICIOUS_MOVE = YES;
				CLANG_WARN_UNGUARDED_AVAILABILITY = YES_AGGRESSIVE;
				CLANG_WARN_UNREACHABLE_CODE = YES;
				CLANG_WARN__DUPLICATE_METHOD_MATCH = YES;
				COPY_PHASE_STRIP = NO;
				DEBUG_INFORMATION_FORMAT = "dwarf-with-dsym";
				ENABLE_NS_ASSERTIONS = NO;
				ENABLE_STRICT_OBJC_MSGSEND = YES;
				GCC_C_LANGUAGE_STANDARD = gnu11;
				GCC_NO_COMMON_BLOCKS = YES;
				GCC_WARN_64_TO_32_BIT_CONVERSION = YES;
				GCC_WARN_ABOUT_RETURN_TYPE = YES_ERROR;
				GCC_WARN_UNDECLARED_SELECTOR = YES;
				GCC_WARN_UNINITIALIZED_AUTOS = YES_AGGRESSIVE;
				GCC_WARN_UNUSED_FUNCTION = YES;
				GCC_WARN_UNUSED_VARIABLE = YES;
				MACOSX_DEPLOYMENT_TARGET = 14.0;
				MTL_ENABLE_DEBUG_INFO = NO;
				MTL_FAST_MATH = YES;
				PRODUCT_NAME = "$(TARGET_NAME)";
				SDKROOT = macosx;
				SWIFT_COMPILATION_MODE = wholemodule;
				SWIFT_OPTIMIZATION_LEVEL = "-O";
				SWIFT_VERSION = 6.0;
			};
			name = Release;
		};
/* End XCBuildConfiguration section */

/* Begin XCConfigurationList section */
		7E9CA215CD50495CB3A6CEE6 /* Build configuration list for PBXNativeTarget "MenuBarOrganizer" */ = {
			isa = XCConfigurationList;
			buildConfigurations = (
				43FA97C211FAEBBB7BD564EC /* Debug */,
				36F14031B6BA56955111C8CD /* Release */,
			);
			defaultConfigurationIsVisible = 0;
			defaultConfigurationName = Debug;
		};
		861705C2C1CEEA69DF276559 /* Build configuration list for PBXNativeTarget "MenuBarOrganizerTests" */ = {
			isa = XCConfigurationList;
			buildConfigurations = (
				A753490D76F0CA75A4B7A2AA /* Debug */,
				B6B52F0CF12E4C45B8E442FB /* Release */,
			);
			defaultConfigurationIsVisible = 0;
			defaultConfigurationName = Debug;
		};
		EFFE89A5E5F4B8184DB07ED7 /* Build configuration list for PBXProject "MenuBarOrganizer" */ = {
			isa = XCConfigurationList;
			buildConfigurations = (
				408593D1032F35A032ACD1FF /* Debug */,
				EF280596CD83DCBDE59EB911 /* Release */,
			);
			defaultConfigurationIsVisible = 0;
			defaultConfigurationName = Debug;
		};
/* End XCConfigurationList section */
	};
	rootObject = F2B341E2741E9FCB1043A9B4 /* Project object */;
}
